
Microsoft Visual Studio Solution File, Format Version 12.00
# Visual Studio 15
VisualStudioVersion = 15.0.27703.2035
MinimumVisualStudioVersion = 10.0.40219.1
Project("{FAE04EC0-301F-11D3-BF4B-00C04F79EFBC}") = "CSharpJisho.orgAPI", "CSharpJisho.orgAPI.csproj", "{817F2C92-711D-41FD-B602-A6CFBE330C77}"
EndProject
Global
	GlobalSection(SolutionConfigurationPlatforms) = preSolution
		Debug|Any CPU = Debug|Any CPU
		Release|Any CPU = Release|Any CPU
	EndGlobalSection
	GlobalSection(ProjectConfigurationPlatforms) = postSolution
		{817F2C92-711D-41FD-B602-A6CFBE330C77}.Debug|Any CPU.ActiveCfg = Debug|Any CPU
		{817F2C92-711D-41FD-B602-A6CFBE330C77}.Debug|Any CPU.Build.0 = Debug|Any CPU
		{817F2C92-711D-41FD-B602-A6CFBE330C77}.Release|Any CPU.ActiveCfg = Release|Any CPU
		{817F2C92-711D-41FD-B602-A6CFBE330C77}.Release|Any CPU.Build.0 = Release|Any CPU
	EndGlobalSection
	GlobalSection(SolutionProperties) = preSolution
		HideSolutionNode = FALSE
	EndGlobalSection
	GlobalSection(ExtensibilityGlobals) = postSolution
		SolutionGuid = {9121E790-3316-4D67-BAAE-03C1D5114C39}
	EndGlobalSection
EndGlobal
